
Microsoft Visual Studio Solution File, Format Version 12.00
# Visual Studio Version 17
VisualStudioVersion = 17.7.34031.279
MinimumVisualStudioVersion = 10.0.40219.1
Project("{2150E333-8FDC-42A3-9474-1A3956D46DE8}") = "Testing", "Testing", "{815697B3-F63C-485C-8537-F7B97215B7AE}"
EndProject
Project("{2150E333-8FDC-42A3-9474-1A3956D46DE8}") = "TektonLabs", "TektonLabs", "{A58B5B86-967D-4F73-A1AA-665802EC6588}"
EndProject
Project("{FAE04EC0-301F-11D3-BF4B-00C04F79EFBC}") = "TektonLabs.Testing.UnitTests", "TektonLabs.Testing.UnitTests\TektonLabs.Testing.UnitTests.csproj", "{951239D7-8F49-4DC2-BFFF-DFC6DC68032C}"
EndProject
Project("{2150E333-8FDC-42A3-9474-1A3956D46DE8}") = "Presentation", "Presentation", "{A768B367-4753-41AD-90E5-CC7F7968F820}"
EndProject
Project("{FAE04EC0-301F-11D3-BF4B-00C04F79EFBC}") = "TektonLabs.Presentation.Api", "TektonLabs.Presentation.Api\TektonLabs.Presentation.Api.csproj", "{62B7A319-0DFE-40C6-B4D3-1AFCDD3504B1}"
EndProject
Global
	GlobalSection(SolutionConfigurationPlatforms) = preSolution
		Debug|Any CPU = Debug|Any CPU
		Release|Any CPU = Release|Any CPU
	EndGlobalSection
	GlobalSection(ProjectConfigurationPlatforms) = postSolution
		{951239D7-8F49-4DC2-BFFF-DFC6DC68032C}.Debug|Any CPU.ActiveCfg = Debug|Any CPU
		{951239D7-8F49-4DC2-BFFF-DFC6DC68032C}.Debug|Any CPU.Build.0 = Debug|Any CPU
		{951239D7-8F49-4DC2-BFFF-DFC6DC68032C}.Release|Any CPU.ActiveCfg = Release|Any CPU
		{951239D7-8F49-4DC2-BFFF-DFC6DC68032C}.Release|Any CPU.Build.0 = Release|Any CPU
		{62B7A319-0DFE-40C6-B4D3-1AFCDD3504B1}.Debug|Any CPU.ActiveCfg = Debug|Any CPU
		{62B7A319-0DFE-40C6-B4D3-1AFCDD3504B1}.Debug|Any CPU.Build.0 = Debug|Any CPU
		{62B7A319-0DFE-40C6-B4D3-1AFCDD3504B1}.Release|Any CPU.ActiveCfg = Release|Any CPU
		{62B7A319-0DFE-40C6-B4D3-1AFCDD3504B1}.Release|Any CPU.Build.0 = Release|Any CPU
	EndGlobalSection
	GlobalSection(SolutionProperties) = preSolution
		HideSolutionNode = FALSE
	EndGlobalSection
	GlobalSection(NestedProjects) = preSolution
		{951239D7-8F49-4DC2-BFFF-DFC6DC68032C} = {815697B3-F63C-485C-8537-F7B97215B7AE}
		{A768B367-4753-41AD-90E5-CC7F7968F820} = {A58B5B86-967D-4F73-A1AA-665802EC6588}
		{62B7A319-0DFE-40C6-B4D3-1AFCDD3504B1} = {A768B367-4753-41AD-90E5-CC7F7968F820}
	EndGlobalSection
	GlobalSection(ExtensibilityGlobals) = postSolution
		SolutionGuid = {CC470DA3-1ECF-4FC1-B54A-BCD82869F0EF}
	EndGlobalSection
EndGlobal
